
Microsoft Visual Studio Solution File, Format Version 12.00
# Visual Studio Version 17
VisualStudioVersion = 17.7.34031.279
MinimumVisualStudioVersion = 10.0.40219.1
Project("{13B669BE-BB05-4DDF-9536-439F39A36129}") = "BookIT-web", "BookIT-web.phpproj", "{AD475A81-C285-4F11-94C8-3855F3B93E62}"
EndProject
Global
	GlobalSection(SolutionConfigurationPlatforms) = preSolution
		Debug|Any CPU = Debug|Any CPU
		Release|Any CPU = Release|Any CPU
	EndGlobalSection
	GlobalSection(ProjectConfigurationPlatforms) = postSolution
		{AD475A81-C285-4F11-94C8-3855F3B93E62}.Debug|Any CPU.ActiveCfg = Debug|Any CPU
		{AD475A81-C285-4F11-94C8-3855F3B93E62}.Debug|Any CPU.Build.0 = Debug|Any CPU
		{AD475A81-C285-4F11-94C8-3855F3B93E62}.Release|Any CPU.ActiveCfg = Release|Any CPU
		{AD475A81-C285-4F11-94C8-3855F3B93E62}.Release|Any CPU.Build.0 = Release|Any CPU
	EndGlobalSection
	GlobalSection(SolutionProperties) = preSolution
		HideSolutionNode = FALSE
	EndGlobalSection
	GlobalSection(ExtensibilityGlobals) = postSolution
		SolutionGuid = {F35E2E34-6014-4C37-9B02-39D2EFE6E33A}
	EndGlobalSection
EndGlobal
